
Microsoft Visual Studio Solution File, Format Version 12.00
# Visual Studio Version 17
VisualStudioVersion = 17.3.32922.545
MinimumVisualStudioVersion = 10.0.40219.1
Project("{FAE04EC0-301F-11D3-BF4B-00C04F79EFBC}") = "Kondital.Opgave", "Kondital.Opgave.csproj", "{6EB96C93-0723-4EE7-A9BD-A85F26E2AABD}"
EndProject
Global
	GlobalSection(SolutionConfigurationPlatforms) = preSolution
		Debug|Any CPU = Debug|Any CPU
		Release|Any CPU = Release|Any CPU
	EndGlobalSection
	GlobalSection(ProjectConfigurationPlatforms) = postSolution
		{6EB96C93-0723-4EE7-A9BD-A85F26E2AABD}.Debug|Any CPU.ActiveCfg = Debug|Any CPU
		{6EB96C93-0723-4EE7-A9BD-A85F26E2AABD}.Debug|Any CPU.Build.0 = Debug|Any CPU
		{6EB96C93-0723-4EE7-A9BD-A85F26E2AABD}.Release|Any CPU.ActiveCfg = Release|Any CPU
		{6EB96C93-0723-4EE7-A9BD-A85F26E2AABD}.Release|Any CPU.Build.0 = Release|Any CPU
	EndGlobalSection
	GlobalSection(SolutionProperties) = preSolution
		HideSolutionNode = FALSE
	EndGlobalSection
	GlobalSection(ExtensibilityGlobals) = postSolution
		SolutionGuid = {93E3B321-57F6-4C44-8903-986120721764}
	EndGlobalSection
EndGlobal
